
Microsoft Visual Studio Solution File, Format Version 12.00
# Visual Studio Version 17
VisualStudioVersion = 17.8.34330.188
MinimumVisualStudioVersion = 10.0.40219.1
Project("{9A19103F-16F7-4668-BE54-9A1E7A4F7556}") = "CompanyEmployees", "CompanyEmployees\CompanyEmployees.csproj", "{37BC1234-2860-47AE-B643-190CFE6BEAF7}"
EndProject
Project("{9A19103F-16F7-4668-BE54-9A1E7A4F7556}") = "Contracts", "Contracts\Contracts.csproj", "{8F881E6D-6484-4037-855C-9D0EDB11AD67}"
EndProject
Project("{9A19103F-16F7-4668-BE54-9A1E7A4F7556}") = "LoggerService", "LoggerService\LoggerService.csproj", "{628CAD4B-A099-4320-B085-5CDC4711A7F7}"
EndProject
Project("{FAE04EC0-301F-11D3-BF4B-00C04F79EFBC}") = "Entities", "Entities\Entities.csproj", "{3B20D151-D9B8-4B09-8419-C5B5764C9735}"
EndProject
Project("{FAE04EC0-301F-11D3-BF4B-00C04F79EFBC}") = "Repository", "Repository\Repository.csproj", "{CF4FB15D-961B-4D67-8578-FB372A373989}"
EndProject
Global
	GlobalSection(SolutionConfigurationPlatforms) = preSolution
		Debug|Any CPU = Debug|Any CPU
		Release|Any CPU = Release|Any CPU
	EndGlobalSection
	GlobalSection(ProjectConfigurationPlatforms) = postSolution
		{37BC1234-2860-47AE-B643-190CFE6BEAF7}.Debug|Any CPU.ActiveCfg = Debug|Any CPU
		{37BC1234-2860-47AE-B643-190CFE6BEAF7}.Debug|Any CPU.Build.0 = Debug|Any CPU
		{37BC1234-2860-47AE-B643-190CFE6BEAF7}.Release|Any CPU.ActiveCfg = Release|Any CPU
		{37BC1234-2860-47AE-B643-190CFE6BEAF7}.Release|Any CPU.Build.0 = Release|Any CPU
		{8F881E6D-6484-4037-855C-9D0EDB11AD67}.Debug|Any CPU.ActiveCfg = Debug|Any CPU
		{8F881E6D-6484-4037-855C-9D0EDB11AD67}.Debug|Any CPU.Build.0 = Debug|Any CPU
		{8F881E6D-6484-4037-855C-9D0EDB11AD67}.Release|Any CPU.ActiveCfg = Release|Any CPU
		{8F881E6D-6484-4037-855C-9D0EDB11AD67}.Release|Any CPU.Build.0 = Release|Any CPU
		{628CAD4B-A099-4320-B085-5CDC4711A7F7}.Debug|Any CPU.ActiveCfg = Debug|Any CPU
		{628CAD4B-A099-4320-B085-5CDC4711A7F7}.Debug|Any CPU.Build.0 = Debug|Any CPU
		{628CAD4B-A099-4320-B085-5CDC4711A7F7}.Release|Any CPU.ActiveCfg = Release|Any CPU
		{628CAD4B-A099-4320-B085-5CDC4711A7F7}.Release|Any CPU.Build.0 = Release|Any CPU
		{3B20D151-D9B8-4B09-8419-C5B5764C9735}.Debug|Any CPU.ActiveCfg = Debug|Any CPU
		{3B20D151-D9B8-4B09-8419-C5B5764C9735}.Debug|Any CPU.Build.0 = Debug|Any CPU
		{3B20D151-D9B8-4B09-8419-C5B5764C9735}.Release|Any CPU.ActiveCfg = Release|Any CPU
		{3B20D151-D9B8-4B09-8419-C5B5764C9735}.Release|Any CPU.Build.0 = Release|Any CPU
		{CF4FB15D-961B-4D67-8578-FB372A373989}.Debug|Any CPU.ActiveCfg = Debug|Any CPU
		{CF4FB15D-961B-4D67-8578-FB372A373989}.Debug|Any CPU.Build.0 = Debug|Any CPU
		{CF4FB15D-961B-4D67-8578-FB372A373989}.Release|Any CPU.ActiveCfg = Release|Any CPU
		{CF4FB15D-961B-4D67-8578-FB372A373989}.Release|Any CPU.Build.0 = Release|Any CPU
	EndGlobalSection
	GlobalSection(SolutionProperties) = preSolution
		HideSolutionNode = FALSE
	EndGlobalSection
	GlobalSection(ExtensibilityGlobals) = postSolution
		SolutionGuid = {9B987E39-CA49-402D-9FC5-E82334595CBD}
	EndGlobalSection
EndGlobal
